
Microsoft Visual Studio Solution File, Format Version 12.00
# Visual Studio Version 17
VisualStudioVersion = 17.7.34009.444
MinimumVisualStudioVersion = 10.0.40219.1
Project("{FAE04EC0-301F-11D3-BF4B-00C04F79EFBC}") = "TodoApp.API", "TodoApp.API\TodoApp.API.csproj", "{8520F582-F61C-45FA-AF62-6FA94E44434A}"
EndProject
Global
	GlobalSection(SolutionConfigurationPlatforms) = preSolution
		Debug|Any CPU = Debug|Any CPU
		Release|Any CPU = Release|Any CPU
	EndGlobalSection
	GlobalSection(ProjectConfigurationPlatforms) = postSolution
		{8520F582-F61C-45FA-AF62-6FA94E44434A}.Debug|Any CPU.ActiveCfg = Debug|Any CPU
		{8520F582-F61C-45FA-AF62-6FA94E44434A}.Debug|Any CPU.Build.0 = Debug|Any CPU
		{8520F582-F61C-45FA-AF62-6FA94E44434A}.Release|Any CPU.ActiveCfg = Release|Any CPU
		{8520F582-F61C-45FA-AF62-6FA94E44434A}.Release|Any CPU.Build.0 = Release|Any CPU
	EndGlobalSection
	GlobalSection(SolutionProperties) = preSolution
		HideSolutionNode = FALSE
	EndGlobalSection
	GlobalSection(ExtensibilityGlobals) = postSolution
		SolutionGuid = {0B87C730-8B31-403A-AA00-5025B3EE14BD}
	EndGlobalSection
EndGlobal
